
Microsoft Visual Studio Solution File, Format Version 12.00
# Visual Studio Version 17
VisualStudioVersion = 17.14.36623.8 d17.14
MinimumVisualStudioVersion = 10.0.40219.1
Project("{FAE04EC0-301F-11D3-BF4B-00C04F79EFBC}") = "TryBenchMark", "TryBenchMark.csproj", "{AFAE3855-4007-41AA-AB0E-14FFB7D34442}"
EndProject
Global
	GlobalSection(SolutionConfigurationPlatforms) = preSolution
		Debug|Any CPU = Debug|Any CPU
		Release|Any CPU = Release|Any CPU
	EndGlobalSection
	GlobalSection(ProjectConfigurationPlatforms) = postSolution
		{AFAE3855-4007-41AA-AB0E-14FFB7D34442}.Debug|Any CPU.ActiveCfg = Debug|Any CPU
		{AFAE3855-4007-41AA-AB0E-14FFB7D34442}.Debug|Any CPU.Build.0 = Debug|Any CPU
		{AFAE3855-4007-41AA-AB0E-14FFB7D34442}.Release|Any CPU.ActiveCfg = Release|Any CPU
		{AFAE3855-4007-41AA-AB0E-14FFB7D34442}.Release|Any CPU.Build.0 = Release|Any CPU
	EndGlobalSection
	GlobalSection(SolutionProperties) = preSolution
		HideSolutionNode = FALSE
	EndGlobalSection
	GlobalSection(ExtensibilityGlobals) = postSolution
		SolutionGuid = {EE284A1C-22D6-4E0B-AB53-59448CDD7CBA}
	EndGlobalSection
EndGlobal
